
Microsoft Visual Studio Solution File, Format Version 12.00
# Visual Studio Version 17
VisualStudioVersion = 17.4.33205.214
MinimumVisualStudioVersion = 10.0.40219.1
Project("{FAE04EC0-301F-11D3-BF4B-00C04F79EFBC}") = "Computer_Store_Management", "Computer_Store_Management.csproj", "{901D1B0B-63A5-4BC7-B232-E32B9142C097}"
EndProject
Global
	GlobalSection(SolutionConfigurationPlatforms) = preSolution
		Debug|Any CPU = Debug|Any CPU
		Release|Any CPU = Release|Any CPU
	EndGlobalSection
	GlobalSection(ProjectConfigurationPlatforms) = postSolution
		{901D1B0B-63A5-4BC7-B232-E32B9142C097}.Debug|Any CPU.ActiveCfg = Debug|Any CPU
		{901D1B0B-63A5-4BC7-B232-E32B9142C097}.Debug|Any CPU.Build.0 = Debug|Any CPU
		{901D1B0B-63A5-4BC7-B232-E32B9142C097}.Release|Any CPU.ActiveCfg = Release|Any CPU
		{901D1B0B-63A5-4BC7-B232-E32B9142C097}.Release|Any CPU.Build.0 = Release|Any CPU
	EndGlobalSection
	GlobalSection(SolutionProperties) = preSolution
		HideSolutionNode = FALSE
	EndGlobalSection
	GlobalSection(ExtensibilityGlobals) = postSolution
		SolutionGuid = {A00B6CAD-A399-43E1-9DDD-1C76AD77B57C}
	EndGlobalSection
EndGlobal
